// !$*UTF8*$!
{
	archiveVersion = 1;
	classes = {
	};
	objectVersion = 46;
	objects = {

/* Begin PBXBuildFile section */
		0023A75811510D4C009182F8 /* edlValidation_rules.xml in Resources */ = {isa = PBXBuildFile; fileRef = 0088781F1147B445009C7707 /* edlValidation_rules.xml */; };
		0030920011527BF800E258D9 /* NEDesignKernel.m in Sources */ = {isa = PBXBuildFile; fileRef = 003091FF11527BF800E258D9 /* NEDesignKernel.m */; };
		0040B8071141470400A57967 /* BAAnalyzerGLM.m in Sources */ = {isa = PBXBuildFile; fileRef = 0040B7961141470400A57967 /* BAAnalyzerGLM.m */; };
		0040B8081141470400A57967 /* BlockIO.c in Sources */ = {isa = PBXBuildFile; fileRef = 0040B7971141470400A57967 /* BlockIO.c */; };
		0040B8091141470400A57967 /* gauss.c in Sources */ = {isa = PBXBuildFile; fileRef = 0040B7991141470400A57967 /* gauss.c */; };
		0040B80A1141470400A57967 /* gsl_futils.c in Sources */ = {isa = PBXBuildFile; fileRef = 0040B79A1141470400A57967 /* gsl_futils.c */; };
		0040B8441141470400A57967 /* BARTApplicationAppDelegate.m in Sources */ = {isa = PBXBuildFile; fileRef = 0040B7F01141470400A57967 /* BARTApplicationAppDelegate.m */; };
		0040B8471141470400A57967 /* ColorMappingFilter.cikernel in Sources */ = {isa = PBXBuildFile; fileRef = 0040B7F51141470400A57967 /* ColorMappingFilter.cikernel */; };
		0040B84A1141470400A57967 /* Negative.cikernel in Sources */ = {isa = PBXBuildFile; fileRef = 0040B7F91141470400A57967 /* Negative.cikernel */; };
		0040B85D1141472200A57967 /* BADataElementVITest.m in Sources */ = {isa = PBXBuildFile; fileRef = 0040B8551141472200A57967 /* BADataElementVITest.m */; };
		0040B85E1141472200A57967 /* BADesignElementDynTest.m in Sources */ = {isa = PBXBuildFile; fileRef = 0040B8571141472200A57967 /* BADesignElementDynTest.m */; };
		0040B85F1141472200A57967 /* BADesignElementVITest.m in Sources */ = {isa = PBXBuildFile; fileRef = 0040B8591141472200A57967 /* BADesignElementVITest.m */; };
		0040B8701141488200A57967 /* SmoothnessEstim.c in Sources */ = {isa = PBXBuildFile; fileRef = 0040B86F1141488200A57967 /* SmoothnessEstim.c */; };
		0040B87B11414A8E00A57967 /* ColorMappingFilter.cikernel in CopyFiles */ = {isa = PBXBuildFile; fileRef = 0040B7F51141470400A57967 /* ColorMappingFilter.cikernel */; };
		007932B3114FB79E007BEB66 /* main.m in Sources */ = {isa = PBXBuildFile; fileRef = 0040B7F81141470400A57967 /* main.m */; };
		007932B4114FB79E007BEB66 /* ColorMappingFilter.m in Sources */ = {isa = PBXBuildFile; fileRef = 0040B7F71141470400A57967 /* ColorMappingFilter.m */; };
		007932B5114FB7A1007BEB66 /* BASourceDatasetFile.m in Sources */ = {isa = PBXBuildFile; fileRef = 0040B7F41141470400A57967 /* BASourceDatasetFile.m */; };
		007932B6114FB7A2007BEB66 /* BASource.m in Sources */ = {isa = PBXBuildFile; fileRef = 0040B7F21141470400A57967 /* BASource.m */; };
		007932B7114FB7A3007BEB66 /* BAGUIPrototyp.m in Sources */ = {isa = PBXBuildFile; fileRef = 0040B7B41141470400A57967 /* BAGUIPrototyp.m */; };
		007932B8114FB7A4007BEB66 /* BAGUIProtoCGLayer.m in Sources */ = {isa = PBXBuildFile; fileRef = 0040B7B21141470400A57967 /* BAGUIProtoCGLayer.m */; };
		007932B9114FB7A5007BEB66 /* BAElement.m in Sources */ = {isa = PBXBuildFile; fileRef = 0040B7B01141470400A57967 /* BAElement.m */; };
		007932BA114FB7A6007BEB66 /* BADocument.m in Sources */ = {isa = PBXBuildFile; fileRef = 0040B7AE1141470400A57967 /* BADocument.m */; };
		007932BB114FB7A7007BEB66 /* BADesignElement.m in Sources */ = {isa = PBXBuildFile; fileRef = 0040B7A81141470400A57967 /* BADesignElement.m */; };
		007932BC114FB7A8007BEB66 /* BADataElement.m in Sources */ = {isa = PBXBuildFile; fileRef = 0040B7A41141470400A57967 /* BADataElement.m */; };
		007932BD114FB7A8007BEB66 /* BAProcedureController.m in Sources */ = {isa = PBXBuildFile; fileRef = 0040B7A21141470400A57967 /* BAProcedureController.m */; };
		007932BE114FB7A9007BEB66 /* BAAnalyzerElement.m in Sources */ = {isa = PBXBuildFile; fileRef = 0040B7A01141470400A57967 /* BAAnalyzerElement.m */; };
		0079349E114FF120007BEB66 /* COEDLValidatorLiteral.m in Sources */ = {isa = PBXBuildFile; fileRef = 00B1AD76114645A3008FC09D /* COEDLValidatorLiteral.m */; };
		007934EC1150FBF7007BEB66 /* COErrorCode.h in Headers */ = {isa = PBXBuildFile; fileRef = 007934EB1150FBF7007BEB66 /* COErrorCode.h */; };
		007E4FB9116249D700C9D686 /* MainMenu.xib in Resources */ = {isa = PBXBuildFile; fileRef = 1DDD58140DA1D0A300B32029 /* MainMenu.xib */; };
		008376A3116BB12D00369B20 /* NEDesignElementDyn.m in Sources */ = {isa = PBXBuildFile; fileRef = 008376A0116BB12D00369B20 /* NEDesignElementDyn.m */; };
		008376A4116BB12D00369B20 /* NEDesignElementVI.m in Sources */ = {isa = PBXBuildFile; fileRef = 008376A2116BB12D00369B20 /* NEDesignElementVI.m */; };
		00841C0F1146451F004341CC /* TestDataset01_Orig.v in Resources */ = {isa = PBXBuildFile; fileRef = 00841C0C1146451F004341CC /* TestDataset01_Orig.v */; };
		00841C101146451F004341CC /* TestDataset01-design.v in Resources */ = {isa = PBXBuildFile; fileRef = 00841C0D1146451F004341CC /* TestDataset01-design.v */; };
		00841C111146451F004341CC /* TestDataset01-functional.v in Resources */ = {isa = PBXBuildFile; fileRef = 00841C0E1146451F004341CC /* TestDataset01-functional.v */; };
		0085EB2411511B2C004795FD /* NEDesignGloverKernel.m in Sources */ = {isa = PBXBuildFile; fileRef = 0085EB2311511B2C004795FD /* NEDesignGloverKernel.m */; };
		008877CC1147A5ED009C7707 /* COEDLValidatorLiteralTest.m in Sources */ = {isa = PBXBuildFile; fileRef = 008877CB1147A5ED009C7707 /* COEDLValidatorLiteralTest.m */; };
		008878241147B445009C7707 /* edlValidation_rules.xsd in Resources */ = {isa = PBXBuildFile; fileRef = 008878201147B445009C7707 /* edlValidation_rules.xsd */; };
		008878251147B445009C7707 /* rtExperiment_v14_w_timebased.xsd in Resources */ = {isa = PBXBuildFile; fileRef = 008878211147B445009C7707 /* rtExperiment_v14_w_timebased.xsd */; };
		008878261147B445009C7707 /* timeBasedRegressor.edl in Resources */ = {isa = PBXBuildFile; fileRef = 008878221147B445009C7707 /* timeBasedRegressor.edl */; };
		00B1573211459587007C02CB /* libgslcblas.dylib in Frameworks */ = {isa = PBXBuildFile; fileRef = 00B1573111459587007C02CB /* libgslcblas.dylib */; };
		00B1573C11459605007C02CB /* libgsl.0.dylib in Frameworks */ = {isa = PBXBuildFile; fileRef = 00B1573B11459605007C02CB /* libgsl.0.dylib */; };
		00B1AC24114554DB008FC09D /* COEDLValidator.h in Headers */ = {isa = PBXBuildFile; fileRef = 00B1AC22114554DB008FC09D /* COEDLValidator.h */; };
		00B1AC25114554DB008FC09D /* COEDLValidator.m in Sources */ = {isa = PBXBuildFile; fileRef = 00B1AC23114554DB008FC09D /* COEDLValidator.m */; };
		00B1AC34114556C3008FC09D /* COEDLValidatorTest.m in Sources */ = {isa = PBXBuildFile; fileRef = 00B1AC33114556C3008FC09D /* COEDLValidatorTest.m */; };
		00B1AC5911455E38008FC09D /* COXMLUtility.h in Headers */ = {isa = PBXBuildFile; fileRef = 00B1AC5711455E38008FC09D /* COXMLUtility.h */; };
		00B1AC5A11455E38008FC09D /* COXMLUtility.m in Sources */ = {isa = PBXBuildFile; fileRef = 00B1AC5811455E38008FC09D /* COXMLUtility.m */; };
		00B1AC81114562A8008FC09D /* COXMLUtility.m in Sources */ = {isa = PBXBuildFile; fileRef = 00B1AC5811455E38008FC09D /* COXMLUtility.m */; };
		00B1ACDC114565CE008FC09D /* COEDLValidator.m in Sources */ = {isa = PBXBuildFile; fileRef = 00B1AC23114554DB008FC09D /* COEDLValidator.m */; };
		00B1AD1511456C2E008FC09D /* COEDLValidatorRule.h in Headers */ = {isa = PBXBuildFile; fileRef = 00B1AD1311456C2E008FC09D /* COEDLValidatorRule.h */; };
		00B1AD1611456C2E008FC09D /* COEDLValidatorRule.m in Sources */ = {isa = PBXBuildFile; fileRef = 00B1AD1411456C2E008FC09D /* COEDLValidatorRule.m */; };
		00B1AD1B11456C47008FC09D /* COEDLValidatorRule.m in Sources */ = {isa = PBXBuildFile; fileRef = 00B1AD1411456C2E008FC09D /* COEDLValidatorRule.m */; };
		00B1AD77114645A3008FC09D /* COEDLValidatorLiteral.h in Headers */ = {isa = PBXBuildFile; fileRef = 00B1AD75114645A3008FC09D /* COEDLValidatorLiteral.h */; };
		00B1AD78114645A3008FC09D /* COEDLValidatorLiteral.m in Sources */ = {isa = PBXBuildFile; fileRef = 00B1AD76114645A3008FC09D /* COEDLValidatorLiteral.m */; };
		00B1ADA811465349008FC09D /* COEDLValidatorToken.h in Headers */ = {isa = PBXBuildFile; fileRef = 00B1ADA611465349008FC09D /* COEDLValidatorToken.h */; };
		00B1ADA911465349008FC09D /* COEDLValidatorToken.m in Sources */ = {isa = PBXBuildFile; fileRef = 00B1ADA711465349008FC09D /* COEDLValidatorToken.m */; };
		00B1ADF0114670BE008FC09D /* COEDLValidatorToken.m in Sources */ = {isa = PBXBuildFile; fileRef = 00B1ADA711465349008FC09D /* COEDLValidatorToken.m */; };
		00B772C511417C6300B2931A /* BADataElementVI.m in Sources */ = {isa = PBXBuildFile; fileRef = 00B772C411417C6300B2931A /* BADataElementVI.m */; };
		00C3A0041144FBEF00725668 /* COSystemConfigTest.m in Sources */ = {isa = PBXBuildFile; fileRef = 00C3A0021144FBEF00725668 /* COSystemConfigTest.m */; };
		00C3A0271144FF5600725668 /* COSystemConfig.m in Sources */ = {isa = PBXBuildFile; fileRef = 00C39FEB1144FADC00725668 /* COSystemConfig.m */; };
		00C3A02A1144FF9600725668 /* COSystemConfig.m in Sources */ = {isa = PBXBuildFile; fileRef = 00C39FEB1144FADC00725668 /* COSystemConfig.m */; };
		00C3A02B1144FF9700725668 /* COSystemConfig.h in Headers */ = {isa = PBXBuildFile; fileRef = 00C39FEA1144FADC00725668 /* COSystemConfig.h */; };
		00C3A05911450B7200725668 /* CLETUS.dylib in Frameworks */ = {isa = PBXBuildFile; fileRef = 00C39FF11144FB2100725668 /* CLETUS.dylib */; };
		00C3A06211450B9300725668 /* CLETUS.dylib in Frameworks */ = {isa = PBXBuildFile; fileRef = 00C39FF11144FB2100725668 /* CLETUS.dylib */; };
		00C3A081114510CE00725668 /* Init_Links_1.edl in Resources */ = {isa = PBXBuildFile; fileRef = 00C3A07F114510CE00725668 /* Init_Links_1.edl */; };
		00C3A082114510CE00725668 /* rtExperiment_v14.xsd in Resources */ = {isa = PBXBuildFile; fileRef = 00C3A080114510CE00725668 /* rtExperiment_v14.xsd */; };
		8D11072B0486CEB800E47090 /* InfoPlist.strings in Resources */ = {isa = PBXBuildFile; fileRef = 089C165CFE840E0CC02AAC07 /* InfoPlist.strings */; };
		8D11072F0486CEB800E47090 /* Cocoa.framework in Frameworks */ = {isa = PBXBuildFile; fileRef = 1058C7A1FEA54F0111CA2CBB /* Cocoa.framework */; };
		CE7D689B1113447C005A9D15 /* libfftw3.a in Frameworks */ = {isa = PBXBuildFile; fileRef = CE7D689A1113447C005A9D15 /* libfftw3.a */; };
		CE8A28C510F51058002422B5 /* QuartzCore.framework in Frameworks */ = {isa = PBXBuildFile; fileRef = CED1922910AC8AD600FAFA4F /* QuartzCore.framework */; };
		CE8A28D010F5121A002422B5 /* libviaio.dylib in Frameworks */ = {isa = PBXBuildFile; fileRef = CED191E410AC888700FAFA4F /* libviaio.dylib */; };
		CE8A28D110F5121B002422B5 /* libvia.dylib in Frameworks */ = {isa = PBXBuildFile; fileRef = CED191E210AC888700FAFA4F /* libvia.dylib */; };
		CE8A28D410F5121D002422B5 /* OpenGL.framework in Frameworks */ = {isa = PBXBuildFile; fileRef = CED191F510AC8A7B00FAFA4F /* OpenGL.framework */; };
		CE8A28D510F5121E002422B5 /* ApplicationServices.framework in Frameworks */ = {isa = PBXBuildFile; fileRef = CED191F110AC8A5300FAFA4F /* ApplicationServices.framework */; };
		CE8A28D610F5121F002422B5 /* Foundation.framework in Frameworks */ = {isa = PBXBuildFile; fileRef = 29B97325FDCFA39411CA2CEA /* Foundation.framework */; };
		CE8A28D710F5121F002422B5 /* CoreData.framework in Frameworks */ = {isa = PBXBuildFile; fileRef = 13E42FB307B3F0F600E4EEF1 /* CoreData.framework */; };
		CE8A28D810F51220002422B5 /* AppKit.framework in Frameworks */ = {isa = PBXBuildFile; fileRef = 29B97324FDCFA39411CA2CEA /* AppKit.framework */; };
		CE8A2A3A10F61713002422B5 /* Quartz.framework in Frameworks */ = {isa = PBXBuildFile; fileRef = CE8A2A3910F61713002422B5 /* Quartz.framework */; };
/* End PBXBuildFile section */

/* Begin PBXBuildRule section */
		CE8A2B3610F6250A002422B5 /* PBXBuildRule */ = {
			isa = PBXBuildRule;
			compilerSpec = com.apple.compilers.proxy.script;
			filePatterns = "*.cikernel";
			fileType = pattern.proxy;
			isEditable = 1;
			outputFiles = (
			);
			script = "";
		};
/* End PBXBuildRule section */

/* Begin PBXContainerItemProxy section */
		0040B9911141708D00A57967 /* PBXContainerItemProxy */ = {
			isa = PBXContainerItemProxy;
			containerPortal = 29B97313FDCFA39411CA2CEA /* Project object */;
			proxyType = 1;
			remoteGlobalIDString = 8D1107260486CEB800E47090;
			remoteInfo = BARTApplication;
		};
		00C3A0221144FF0C00725668 /* PBXContainerItemProxy */ = {
			isa = PBXContainerItemProxy;
			containerPortal = 29B97313FDCFA39411CA2CEA /* Project object */;
			proxyType = 1;
			remoteGlobalIDString = 00C39FF01144FB2100725668;
			remoteInfo = CLETUS;
		};
/* End PBXContainerItemProxy section */

/* Begin PBXCopyFilesBuildPhase section */
		0040B98411416F6800A57967 /* CopyFiles */ = {
			isa = PBXCopyFilesBuildPhase;
			buildActionMask = 2147483647;
			dstPath = Contents;
			dstSubfolderSpec = 16;
			files = (
			);
			runOnlyForDeploymentPostprocessing = 0;
		};
		CE8A333210F77DE4002422B5 /* CopyFiles */ = {
			isa = PBXCopyFilesBuildPhase;
			buildActionMask = 2147483647;
			dstPath = "";
			dstSubfolderSpec = 7;
			files = (
				0040B87B11414A8E00A57967 /* ColorMappingFilter.cikernel in CopyFiles */,
			);
			runOnlyForDeploymentPostprocessing = 0;
		};
/* End PBXCopyFilesBuildPhase section */

/* Begin PBXFileReference section */
		003091FE11527BF800E258D9 /* NEDesignKernel.h */ = {isa = PBXFileReference; fileEncoding = 4; lastKnownFileType = sourcecode.c.h; path = NEDesignKernel.h; sourceTree = "<group>"; };
		003091FF11527BF800E258D9 /* NEDesignKernel.m */ = {isa = PBXFileReference; fileEncoding = 4; lastKnownFileType = sourcecode.c.objc; path = NEDesignKernel.m; sourceTree = "<group>"; };
		003094271153EFF900E258D9 /* timeBasedRegressorLydi.edl */ = {isa = PBXFileReference; fileEncoding = 4; lastKnownFileType = text.xml; path = timeBasedRegressorLydi.edl; sourceTree = "<group>"; };
		0040B7951141470400A57967 /* BAAnalyzerGLM.h */ = {isa = PBXFileReference; fileEncoding = 4; lastKnownFileType = sourcecode.c.h; path = BAAnalyzerGLM.h; sourceTree = "<group>"; };
		0040B7961141470400A57967 /* BAAnalyzerGLM.m */ = {isa = PBXFileReference; fileEncoding = 4; lastKnownFileType = sourcecode.c.objc; path = BAAnalyzerGLM.m; sourceTree = "<group>"; };
		0040B7971141470400A57967 /* BlockIO.c */ = {isa = PBXFileReference; fileEncoding = 4; lastKnownFileType = sourcecode.c.c; path = BlockIO.c; sourceTree = "<group>"; };
		0040B7981141470400A57967 /* BlockIO.h */ = {isa = PBXFileReference; fileEncoding = 4; lastKnownFileType = sourcecode.c.h; path = BlockIO.h; sourceTree = "<group>"; };
		0040B7991141470400A57967 /* gauss.c */ = {isa = PBXFileReference; fileEncoding = 4; lastKnownFileType = sourcecode.c.c; path = gauss.c; sourceTree = "<group>"; };
		0040B79A1141470400A57967 /* gsl_futils.c */ = {isa = PBXFileReference; fileEncoding = 4; lastKnownFileType = sourcecode.c.c; path = gsl_futils.c; sourceTree = "<group>"; };
		0040B79C1141470400A57967 /* gsl_utils.h */ = {isa = PBXFileReference; fileEncoding = 4; lastKnownFileType = sourcecode.c.h; path = gsl_utils.h; sourceTree = "<group>"; };
		0040B79F1141470400A57967 /* BAAnalyzerElement.h */ = {isa = PBXFileReference; fileEncoding = 4; lastKnownFileType = sourcecode.c.h; path = BAAnalyzerElement.h; sourceTree = "<group>"; };
		0040B7A01141470400A57967 /* BAAnalyzerElement.m */ = {isa = PBXFileReference; fileEncoding = 4; lastKnownFileType = sourcecode.c.objc; path = BAAnalyzerElement.m; sourceTree = "<group>"; };
		0040B7A11141470400A57967 /* BAProcedureController.h */ = {isa = PBXFileReference; fileEncoding = 4; lastKnownFileType = sourcecode.c.h; path = BAProcedureController.h; sourceTree = "<group>"; };
		0040B7A21141470400A57967 /* BAProcedureController.m */ = {isa = PBXFileReference; fileEncoding = 4; lastKnownFileType = sourcecode.c.objc; path = BAProcedureController.m; sourceTree = "<group>"; };
		0040B7A31141470400A57967 /* BADataElement.h */ = {isa = PBXFileReference; fileEncoding = 4; lastKnownFileType = sourcecode.c.h; path = BADataElement.h; sourceTree = "<group>"; };
		0040B7A41141470400A57967 /* BADataElement.m */ = {isa = PBXFileReference; fileEncoding = 4; lastKnownFileType = sourcecode.c.objc; path = BADataElement.m; sourceTree = "<group>"; };
		0040B7A71141470400A57967 /* BADesignElement.h */ = {isa = PBXFileReference; fileEncoding = 4; lastKnownFileType = sourcecode.c.h; path = BADesignElement.h; sourceTree = "<group>"; };
		0040B7A81141470400A57967 /* BADesignElement.m */ = {isa = PBXFileReference; fileEncoding = 4; lastKnownFileType = sourcecode.c.objc; path = BADesignElement.m; sourceTree = "<group>"; };
		0040B7AD1141470400A57967 /* BADocument.h */ = {isa = PBXFileReference; fileEncoding = 4; lastKnownFileType = sourcecode.c.h; path = BADocument.h; sourceTree = "<group>"; };
		0040B7AE1141470400A57967 /* BADocument.m */ = {isa = PBXFileReference; fileEncoding = 4; lastKnownFileType = sourcecode.c.objc; path = BADocument.m; sourceTree = "<group>"; };
		0040B7AF1141470400A57967 /* BAElement.h */ = {isa = PBXFileReference; fileEncoding = 4; lastKnownFileType = sourcecode.c.h; path = BAElement.h; sourceTree = "<group>"; };
		0040B7B01141470400A57967 /* BAElement.m */ = {isa = PBXFileReference; fileEncoding = 4; lastKnownFileType = sourcecode.c.objc; path = BAElement.m; sourceTree = "<group>"; };
		0040B7B11141470400A57967 /* BAGUIProtoCGLayer.h */ = {isa = PBXFileReference; fileEncoding = 4; lastKnownFileType = sourcecode.c.h; path = BAGUIProtoCGLayer.h; sourceTree = "<group>"; };
		0040B7B21141470400A57967 /* BAGUIProtoCGLayer.m */ = {isa = PBXFileReference; fileEncoding = 4; lastKnownFileType = sourcecode.c.objc; path = BAGUIProtoCGLayer.m; sourceTree = "<group>"; };
		0040B7B31141470400A57967 /* BAGUIPrototyp.h */ = {isa = PBXFileReference; fileEncoding = 4; lastKnownFileType = sourcecode.c.h; path = BAGUIPrototyp.h; sourceTree = "<group>"; };
		0040B7B41141470400A57967 /* BAGUIPrototyp.m */ = {isa = PBXFileReference; fileEncoding = 4; lastKnownFileType = sourcecode.c.objc; path = BAGUIPrototyp.m; sourceTree = "<group>"; };
		0040B7EF1141470400A57967 /* BARTApplicationAppDelegate.h */ = {isa = PBXFileReference; fileEncoding = 4; lastKnownFileType = sourcecode.c.h; path = BARTApplicationAppDelegate.h; sourceTree = "<group>"; };
		0040B7F01141470400A57967 /* BARTApplicationAppDelegate.m */ = {isa = PBXFileReference; fileEncoding = 4; lastKnownFileType = sourcecode.c.objc; path = BARTApplicationAppDelegate.m; sourceTree = "<group>"; };
		0040B7F11141470400A57967 /* BASource.h */ = {isa = PBXFileReference; fileEncoding = 4; lastKnownFileType = sourcecode.c.h; path = BASource.h; sourceTree = "<group>"; };
		0040B7F21141470400A57967 /* BASource.m */ = {isa = PBXFileReference; fileEncoding = 4; lastKnownFileType = sourcecode.c.objc; path = BASource.m; sourceTree = "<group>"; };
		0040B7F31141470400A57967 /* BASourceDatasetFile.h */ = {isa = PBXFileReference; fileEncoding = 4; lastKnownFileType = sourcecode.c.h; path = BASourceDatasetFile.h; sourceTree = "<group>"; };
		0040B7F41141470400A57967 /* BASourceDatasetFile.m */ = {isa = PBXFileReference; fileEncoding = 4; lastKnownFileType = sourcecode.c.objc; path = BASourceDatasetFile.m; sourceTree = "<group>"; };
		0040B7F51141470400A57967 /* ColorMappingFilter.cikernel */ = {isa = PBXFileReference; fileEncoding = 4; lastKnownFileType = sourcecode.glsl; path = ColorMappingFilter.cikernel; sourceTree = "<group>"; };
		0040B7F61141470400A57967 /* ColorMappingFilter.h */ = {isa = PBXFileReference; fileEncoding = 4; lastKnownFileType = sourcecode.c.h; path = ColorMappingFilter.h; sourceTree = "<group>"; };
		0040B7F71141470400A57967 /* ColorMappingFilter.m */ = {isa = PBXFileReference; fileEncoding = 4; lastKnownFileType = sourcecode.c.objc; path = ColorMappingFilter.m; sourceTree = "<group>"; };
		0040B7F81141470400A57967 /* main.m */ = {isa = PBXFileReference; fileEncoding = 4; lastKnownFileType = sourcecode.c.objc; path = main.m; sourceTree = "<group>"; };
		0040B7F91141470400A57967 /* Negative.cikernel */ = {isa = PBXFileReference; fileEncoding = 4; lastKnownFileType = sourcecode.glsl; path = Negative.cikernel; sourceTree = "<group>"; };
		0040B7FA1141470400A57967 /* NegativeKernel.h */ = {isa = PBXFileReference; fileEncoding = 4; lastKnownFileType = sourcecode.c.h; path = NegativeKernel.h; sourceTree = "<group>"; };
		0040B8541141472200A57967 /* BADataElementVITest.h */ = {isa = PBXFileReference; fileEncoding = 4; lastKnownFileType = sourcecode.c.h; path = BADataElementVITest.h; sourceTree = "<group>"; };
		0040B8551141472200A57967 /* BADataElementVITest.m */ = {isa = PBXFileReference; fileEncoding = 4; lastKnownFileType = sourcecode.c.objc; path = BADataElementVITest.m; sourceTree = "<group>"; };
		0040B8561141472200A57967 /* BADesignElementDynTest.h */ = {isa = PBXFileReference; fileEncoding = 4; lastKnownFileType = sourcecode.c.h; path = BADesignElementDynTest.h; sourceTree = "<group>"; };
		0040B8571141472200A57967 /* BADesignElementDynTest.m */ = {isa = PBXFileReference; fileEncoding = 4; lastKnownFileType = sourcecode.c.objc; path = BADesignElementDynTest.m; sourceTree = "<group>"; };
		0040B8581141472200A57967 /* BADesignElementVITest.h */ = {isa = PBXFileReference; fileEncoding = 4; lastKnownFileType = sourcecode.c.h; path = BADesignElementVITest.h; sourceTree = "<group>"; };
		0040B8591141472200A57967 /* BADesignElementVITest.m */ = {isa = PBXFileReference; fileEncoding = 4; lastKnownFileType = sourcecode.c.objc; path = BADesignElementVITest.m; sourceTree = "<group>"; };
		0040B86F1141488200A57967 /* SmoothnessEstim.c */ = {isa = PBXFileReference; fileEncoding = 4; lastKnownFileType = sourcecode.c.c; path = SmoothnessEstim.c; sourceTree = "<group>"; };
		0040B9B1114173BD00A57967 /* BARTUnitTestSuite-Info.plist */ = {isa = PBXFileReference; fileEncoding = 4; lastKnownFileType = text.plist.xml; path = "BARTUnitTestSuite-Info.plist"; sourceTree = "<group>"; };
		007934EB1150FBF7007BEB66 /* COErrorCode.h */ = {isa = PBXFileReference; fileEncoding = 4; lastKnownFileType = sourcecode.c.h; path = COErrorCode.h; sourceTree = "<group>"; };
		0083769F116BB12D00369B20 /* NEDesignElementDyn.h */ = {isa = PBXFileReference; fileEncoding = 4; lastKnownFileType = sourcecode.c.h; path = NEDesignElementDyn.h; sourceTree = "<group>"; };
		008376A0116BB12D00369B20 /* NEDesignElementDyn.m */ = {isa = PBXFileReference; fileEncoding = 4; lastKnownFileType = sourcecode.c.objc; path = NEDesignElementDyn.m; sourceTree = "<group>"; };
		008376A1116BB12D00369B20 /* NEDesignElementVI.h */ = {isa = PBXFileReference; fileEncoding = 4; lastKnownFileType = sourcecode.c.h; path = NEDesignElementVI.h; sourceTree = "<group>"; };
		008376A2116BB12D00369B20 /* NEDesignElementVI.m */ = {isa = PBXFileReference; fileEncoding = 4; lastKnownFileType = sourcecode.c.objc; path = NEDesignElementVI.m; sourceTree = "<group>"; };
		00841BF811464321004341CC /* blockDesignTest01.des */ = {isa = PBXFileReference; fileEncoding = 4; lastKnownFileType = text; path = blockDesignTest01.des; sourceTree = "<group>"; };
		00841BF911464321004341CC /* blockDesignTest01.des.v */ = {isa = PBXFileReference; lastKnownFileType = file; path = blockDesignTest01.des.v; sourceTree = "<group>"; };
		00841BFA11464321004341CC /* blockDesignTest01_deriv0.des.v */ = {isa = PBXFileReference; lastKnownFileType = file; path = blockDesignTest01_deriv0.des.v; sourceTree = "<group>"; };
		00841BFB11464321004341CC /* blockDesignTest01_deriv1.des.v */ = {isa = PBXFileReference; lastKnownFileType = file; path = blockDesignTest01_deriv1.des.v; sourceTree = "<group>"; };
		00841BFC11464321004341CC /* blockDesignTest01_deriv2.des.v */ = {isa = PBXFileReference; lastKnownFileType = file; path = blockDesignTest01_deriv2.des.v; sourceTree = "<group>"; };
		00841C0011464321004341CC /* erDesignTest01.des */ = {isa = PBXFileReference; fileEncoding = 4; lastKnownFileType = text; path = erDesignTest01.des; sourceTree = "<group>"; };
		00841C0111464321004341CC /* erDesignTest01.des.v */ = {isa = PBXFileReference; lastKnownFileType = file; path = erDesignTest01.des.v; sourceTree = "<group>"; };
		00841C0211464321004341CC /* erDesignTest01_deriv0.des.v */ = {isa = PBXFileReference; lastKnownFileType = file; path = erDesignTest01_deriv0.des.v; sourceTree = "<group>"; };
		00841C0311464321004341CC /* erDesignTest01_deriv1.des.v */ = {isa = PBXFileReference; lastKnownFileType = file; path = erDesignTest01_deriv1.des.v; sourceTree = "<group>"; };
		00841C0411464321004341CC /* erDesignTest01_deriv2.des.v */ = {isa = PBXFileReference; lastKnownFileType = file; path = erDesignTest01_deriv2.des.v; sourceTree = "<group>"; };
		00841C0C1146451F004341CC /* TestDataset01_Orig.v */ = {isa = PBXFileReference; fileEncoding = 4; lastKnownFileType = text; path = TestDataset01_Orig.v; sourceTree = "<group>"; };
		00841C0D1146451F004341CC /* TestDataset01-design.v */ = {isa = PBXFileReference; lastKnownFileType = file; path = "TestDataset01-design.v"; sourceTree = "<group>"; };
		00841C0E1146451F004341CC /* TestDataset01-functional.v */ = {isa = PBXFileReference; fileEncoding = 4; lastKnownFileType = text; path = "TestDataset01-functional.v"; sourceTree = "<group>"; };
		0085EB2211511B2C004795FD /* NEDesignGloverKernel.h */ = {isa = PBXFileReference; fileEncoding = 4; lastKnownFileType = sourcecode.c.h; path = NEDesignGloverKernel.h; sourceTree = "<group>"; };
		0085EB2311511B2C004795FD /* NEDesignGloverKernel.m */ = {isa = PBXFileReference; fileEncoding = 4; lastKnownFileType = sourcecode.c.objc; path = NEDesignGloverKernel.m; sourceTree = "<group>"; };
		008877CA1147A5ED009C7707 /* COEDLValidatorLiteralTest.h */ = {isa = PBXFileReference; fileEncoding = 4; lastKnownFileType = sourcecode.c.h; path = COEDLValidatorLiteralTest.h; sourceTree = "<group>"; };
		008877CB1147A5ED009C7707 /* COEDLValidatorLiteralTest.m */ = {isa = PBXFileReference; fileEncoding = 4; lastKnownFileType = sourcecode.c.objc; path = COEDLValidatorLiteralTest.m; sourceTree = "<group>"; };
		0088781F1147B445009C7707 /* edlValidation_rules.xml */ = {isa = PBXFileReference; fileEncoding = 4; lastKnownFileType = text.xml; path = edlValidation_rules.xml; sourceTree = "<group>"; };
		008878201147B445009C7707 /* edlValidation_rules.xsd */ = {isa = PBXFileReference; fileEncoding = 4; lastKnownFileType = text.xml; path = edlValidation_rules.xsd; sourceTree = "<group>"; };
		008878211147B445009C7707 /* rtExperiment_v14_w_timebased.xsd */ = {isa = PBXFileReference; fileEncoding = 4; lastKnownFileType = text.xml; path = rtExperiment_v14_w_timebased.xsd; sourceTree = "<group>"; };
		008878221147B445009C7707 /* timeBasedRegressor.edl */ = {isa = PBXFileReference; fileEncoding = 4; lastKnownFileType = text.xml; path = timeBasedRegressor.edl; sourceTree = "<group>"; };
		00AB18EA115246ED003BC915 /* main_SW_BoldModule_2ContinousTargetROIs.edl */ = {isa = PBXFileReference; fileEncoding = 4; lastKnownFileType = text.xml; path = main_SW_BoldModule_2ContinousTargetROIs.edl; sourceTree = "<group>"; };
		00B1573111459587007C02CB /* libgslcblas.dylib */ = {isa = PBXFileReference; lastKnownFileType = "compiled.mach-o.dylib"; name = libgslcblas.dylib; path = /opt/local/lib/libgslcblas.dylib; sourceTree = "<absolute>"; };
		00B1573B11459605007C02CB /* libgsl.0.dylib */ = {isa = PBXFileReference; lastKnownFileType = "compiled.mach-o.dylib"; name = libgsl.0.dylib; path = /opt/local/lib/libgsl.0.dylib; sourceTree = "<absolute>"; };
		00B1AC22114554DB008FC09D /* COEDLValidator.h */ = {isa = PBXFileReference; fileEncoding = 4; lastKnownFileType = sourcecode.c.h; path = COEDLValidator.h; sourceTree = "<group>"; };
		00B1AC23114554DB008FC09D /* COEDLValidator.m */ = {isa = PBXFileReference; fileEncoding = 4; lastKnownFileType = sourcecode.c.objc; path = COEDLValidator.m; sourceTree = "<group>"; };
		00B1AC32114556C3008FC09D /* COEDLValidatorTest.h */ = {isa = PBXFileReference; fileEncoding = 4; lastKnownFileType = sourcecode.c.h; path = COEDLValidatorTest.h; sourceTree = "<group>"; };
		00B1AC33114556C3008FC09D /* COEDLValidatorTest.m */ = {isa = PBXFileReference; fileEncoding = 4; lastKnownFileType = sourcecode.c.objc; path = COEDLValidatorTest.m; sourceTree = "<group>"; };
		00B1AC5711455E38008FC09D /* COXMLUtility.h */ = {isa = PBXFileReference; fileEncoding = 4; lastKnownFileType = sourcecode.c.h; path = COXMLUtility.h; sourceTree = "<group>"; };
		00B1AC5811455E38008FC09D /* COXMLUtility.m */ = {isa = PBXFileReference; fileEncoding = 4; lastKnownFileType = sourcecode.c.objc; path = COXMLUtility.m; sourceTree = "<group>"; };
		00B1AD1311456C2E008FC09D /* COEDLValidatorRule.h */ = {isa = PBXFileReference; fileEncoding = 4; lastKnownFileType = sourcecode.c.h; path = COEDLValidatorRule.h; sourceTree = "<group>"; };
		00B1AD1411456C2E008FC09D /* COEDLValidatorRule.m */ = {isa = PBXFileReference; fileEncoding = 4; lastKnownFileType = sourcecode.c.objc; path = COEDLValidatorRule.m; sourceTree = "<group>"; };
		00B1AD75114645A3008FC09D /* COEDLValidatorLiteral.h */ = {isa = PBXFileReference; fileEncoding = 4; lastKnownFileType = sourcecode.c.h; path = COEDLValidatorLiteral.h; sourceTree = "<group>"; };
		00B1AD76114645A3008FC09D /* COEDLValidatorLiteral.m */ = {isa = PBXFileReference; fileEncoding = 4; lastKnownFileType = sourcecode.c.objc; path = COEDLValidatorLiteral.m; sourceTree = "<group>"; };
		00B1ADA611465349008FC09D /* COEDLValidatorToken.h */ = {isa = PBXFileReference; fileEncoding = 4; lastKnownFileType = sourcecode.c.h; path = COEDLValidatorToken.h; sourceTree = "<group>"; };
		00B1ADA711465349008FC09D /* COEDLValidatorToken.m */ = {isa = PBXFileReference; fileEncoding = 4; lastKnownFileType = sourcecode.c.objc; path = COEDLValidatorToken.m; sourceTree = "<group>"; };
		00B772C311417C6300B2931A /* BADataElementVI.h */ = {isa = PBXFileReference; fileEncoding = 4; lastKnownFileType = sourcecode.c.h; path = BADataElementVI.h; sourceTree = "<group>"; };
		00B772C411417C6300B2931A /* BADataElementVI.m */ = {isa = PBXFileReference; fileEncoding = 4; lastKnownFileType = sourcecode.c.objc; path = BADataElementVI.m; sourceTree = "<group>"; };
		00C39FEA1144FADC00725668 /* COSystemConfig.h */ = {isa = PBXFileReference; fileEncoding = 4; lastKnownFileType = sourcecode.c.h; path = COSystemConfig.h; sourceTree = "<group>"; };
		00C39FEB1144FADC00725668 /* COSystemConfig.m */ = {isa = PBXFileReference; fileEncoding = 4; lastKnownFileType = sourcecode.c.objc; path = COSystemConfig.m; sourceTree = "<group>"; };
		00C39FF11144FB2100725668 /* CLETUS.dylib */ = {isa = PBXFileReference; explicitFileType = "compiled.mach-o.dylib"; includeInIndex = 0; path = CLETUS.dylib; sourceTree = BUILT_PRODUCTS_DIR; };
		00C39FFA1144FBD600725668 /* CLETUSUnitTestSuite.octest */ = {isa = PBXFileReference; explicitFileType = wrapper.cfbundle; includeInIndex = 0; path = CLETUSUnitTestSuite.octest; sourceTree = BUILT_PRODUCTS_DIR; };
		00C39FFB1144FBD600725668 /* CLETUSUnitTestSuite-Info.plist */ = {isa = PBXFileReference; lastKnownFileType = text.plist.xml; name = "CLETUSUnitTestSuite-Info.plist"; path = "../../projects/CLETUSUnitTestSuite-Info.plist"; sourceTree = "<group>"; };
		00C3A0011144FBEF00725668 /* COSystemConfigTest.h */ = {isa = PBXFileReference; fileEncoding = 4; lastKnownFileType = sourcecode.c.h; path = COSystemConfigTest.h; sourceTree = "<group>"; };
		00C3A0021144FBEF00725668 /* COSystemConfigTest.m */ = {isa = PBXFileReference; fileEncoding = 4; lastKnownFileType = sourcecode.c.objc; path = COSystemConfigTest.m; sourceTree = "<group>"; };
		00C3A07F114510CE00725668 /* Init_Links_1.edl */ = {isa = PBXFileReference; fileEncoding = 4; lastKnownFileType = text.xml; path = Init_Links_1.edl; sourceTree = "<group>"; };
		00C3A080114510CE00725668 /* rtExperiment_v14.xsd */ = {isa = PBXFileReference; fileEncoding = 4; lastKnownFileType = text.xml; path = rtExperiment_v14.xsd; sourceTree = "<group>"; };
		00EC5D301153CAEA006691F5 /* BARTApplicationDoxyfile */ = {isa = PBXFileReference; fileEncoding = 4; lastKnownFileType = text; path = BARTApplicationDoxyfile; sourceTree = "<group>"; };
		00EC5DDA1153E8F3006691F5 /* doxygenstyle.css */ = {isa = PBXFileReference; fileEncoding = 4; lastKnownFileType = text.css; path = doxygenstyle.css; sourceTree = "<group>"; };
		089C165DFE840E0CC02AAC07 /* English */ = {isa = PBXFileReference; fileEncoding = 4; lastKnownFileType = text.plist.strings; name = English; path = English.lproj/InfoPlist.strings; sourceTree = "<group>"; };
		1058C7A1FEA54F0111CA2CBB /* Cocoa.framework */ = {isa = PBXFileReference; lastKnownFileType = wrapper.framework; name = Cocoa.framework; path = /System/Library/Frameworks/Cocoa.framework; sourceTree = "<absolute>"; };
		13E42FB307B3F0F600E4EEF1 /* CoreData.framework */ = {isa = PBXFileReference; lastKnownFileType = wrapper.framework; name = CoreData.framework; path = /System/Library/Frameworks/CoreData.framework; sourceTree = "<absolute>"; };
		1DDD58150DA1D0A300B32029 /* English */ = {isa = PBXFileReference; lastKnownFileType = file.xib; name = English; path = English.lproj/MainMenu.xib; sourceTree = "<group>"; };
		256AC3F00F4B6AF500CF3369 /* BARTApplication_Prefix.pch */ = {isa = PBXFileReference; fileEncoding = 4; lastKnownFileType = sourcecode.c.h; path = BARTApplication_Prefix.pch; sourceTree = "<group>"; };
		29B97324FDCFA39411CA2CEA /* AppKit.framework */ = {isa = PBXFileReference; lastKnownFileType = wrapper.framework; name = AppKit.framework; path = /System/Library/Frameworks/AppKit.framework; sourceTree = "<absolute>"; };
		29B97325FDCFA39411CA2CEA /* Foundation.framework */ = {isa = PBXFileReference; lastKnownFileType = wrapper.framework; name = Foundation.framework; path = /System/Library/Frameworks/Foundation.framework; sourceTree = "<absolute>"; };
		8D1107310486CEB800E47090 /* BARTApplication-Info.plist */ = {isa = PBXFileReference; fileEncoding = 4; lastKnownFileType = text.plist.xml; path = "BARTApplication-Info.plist"; sourceTree = "<group>"; };
		8D1107320486CEB800E47090 /* BARTApplication.app */ = {isa = PBXFileReference; explicitFileType = wrapper.application; includeInIndex = 0; path = BARTApplication.app; sourceTree = BUILT_PRODUCTS_DIR; };
		CE7D689A1113447C005A9D15 /* libfftw3.a */ = {isa = PBXFileReference; lastKnownFileType = archive.ar; name = libfftw3.a; path = /opt/local/lib/libfftw3.a; sourceTree = "<absolute>"; };
		CE8A2A3910F61713002422B5 /* Quartz.framework */ = {isa = PBXFileReference; lastKnownFileType = wrapper.framework; name = Quartz.framework; path = /System/Library/Frameworks/Quartz.framework; sourceTree = "<absolute>"; };
		CE8B709110DA988F007AEB2B /* BARTApplication.octest */ = {isa = PBXFileReference; explicitFileType = wrapper.cfbundle; includeInIndex = 0; path = BARTApplication.octest; sourceTree = BUILT_PRODUCTS_DIR; };
		CED191E210AC888700FAFA4F /* libvia.dylib */ = {isa = PBXFileReference; lastKnownFileType = "compiled.mach-o.dylib"; name = libvia.dylib; path = /usr/local/lib/libvia.dylib; sourceTree = "<absolute>"; };
		CED191E410AC888700FAFA4F /* libviaio.dylib */ = {isa = PBXFileReference; lastKnownFileType = "compiled.mach-o.dylib"; name = libviaio.dylib; path = /usr/local/lib/libviaio.dylib; sourceTree = "<absolute>"; };
		CED191F110AC8A5300FAFA4F /* ApplicationServices.framework */ = {isa = PBXFileReference; lastKnownFileType = wrapper.framework; name = ApplicationServices.framework; path = /System/Library/Frameworks/ApplicationServices.framework; sourceTree = "<absolute>"; };
		CED191F510AC8A7B00FAFA4F /* OpenGL.framework */ = {isa = PBXFileReference; lastKnownFileType = wrapper.framework; name = OpenGL.framework; path = /System/Library/Frameworks/OpenGL.framework; sourceTree = "<absolute>"; };
		CED1922910AC8AD600FAFA4F /* QuartzCore.framework */ = {isa = PBXFileReference; lastKnownFileType = wrapper.framework; name = QuartzCore.framework; path = /System/Library/Frameworks/QuartzCore.framework; sourceTree = "<absolute>"; };
/* End PBXFileReference section */

/* Begin PBXFrameworksBuildPhase section */
		00C39FEF1144FB2100725668 /* Frameworks */ = {
			isa = PBXFrameworksBuildPhase;
			buildActionMask = 2147483647;
			files = (
			);
			runOnlyForDeploymentPostprocessing = 0;
		};
		00C39FF71144FBD600725668 /* Frameworks */ = {
			isa = PBXFrameworksBuildPhase;
			buildActionMask = 2147483647;
			files = (
				00C3A06211450B9300725668 /* CLETUS.dylib in Frameworks */,
			);
			runOnlyForDeploymentPostprocessing = 0;
		};
		8D11072E0486CEB800E47090 /* Frameworks */ = {
			isa = PBXFrameworksBuildPhase;
			buildActionMask = 2147483647;
			files = (
				8D11072F0486CEB800E47090 /* Cocoa.framework in Frameworks */,
				CE8A28C510F51058002422B5 /* QuartzCore.framework in Frameworks */,
				CE8A28D010F5121A002422B5 /* libviaio.dylib in Frameworks */,
				CE8A28D110F5121B002422B5 /* libvia.dylib in Frameworks */,
				CE8A28D410F5121D002422B5 /* OpenGL.framework in Frameworks */,
				CE8A28D510F5121E002422B5 /* ApplicationServices.framework in Frameworks */,
				CE8A28D610F5121F002422B5 /* Foundation.framework in Frameworks */,
				CE8A28D710F5121F002422B5 /* CoreData.framework in Frameworks */,
				CE8A28D810F51220002422B5 /* AppKit.framework in Frameworks */,
				CE8A2A3A10F61713002422B5 /* Quartz.framework in Frameworks */,
				CE7D689B1113447C005A9D15 /* libfftw3.a in Frameworks */,
				00C3A05911450B7200725668 /* CLETUS.dylib in Frameworks */,
				00B1573211459587007C02CB /* libgslcblas.dylib in Frameworks */,
				00B1573C11459605007C02CB /* libgsl.0.dylib in Frameworks */,
			);
			runOnlyForDeploymentPostprocessing = 0;
		};
		CE8B708E10DA988F007AEB2B /* Frameworks */ = {
			isa = PBXFrameworksBuildPhase;
			buildActionMask = 2147483647;
			files = (
			);
			runOnlyForDeploymentPostprocessing = 0;
		};
/* End PBXFrameworksBuildPhase section */

/* Begin PBXGroup section */
		0040B78F1141470400A57967 /* docs */ = {
			isa = PBXGroup;
			children = (
				00EC5DDA1153E8F3006691F5 /* doxygenstyle.css */,
				00EC5D301153CAEA006691F5 /* BARTApplicationDoxyfile */,
				0040B7901141470400A57967 /* BARTMainApplication */,
				0040B7911141470400A57967 /* CLETUS */,
			);
			name = docs;
			path = ../docs;
			sourceTree = SOURCE_ROOT;
		};
		0040B7901141470400A57967 /* BARTMainApplication */ = {
			isa = PBXGroup;
			children = (
			);
			path = BARTMainApplication;
			sourceTree = "<group>";
		};
		0040B7911141470400A57967 /* CLETUS */ = {
			isa = PBXGroup;
			children = (
			);
			path = CLETUS;
			sourceTree = "<group>";
		};
		0040B7921141470400A57967 /* src */ = {
			isa = PBXGroup;
			children = (
				0040B7931141470400A57967 /* ARTIE */,
				0040B79E1141470400A57967 /* BARTMainApp */,
				0040B7FC1141470400A57967 /* CLETUS */,
				0040B8051141470400A57967 /* EDNA */,
				0040B8061141470400A57967 /* NED */,
			);
			name = src;
			path = ../src;
			sourceTree = SOURCE_ROOT;
		};
		0040B7931141470400A57967 /* ARTIE */ = {
			isa = PBXGroup;
			children = (
				0040B7941141470400A57967 /* GLM */,
			);
			path = ARTIE;
			sourceTree = "<group>";
		};
		0040B7941141470400A57967 /* GLM */ = {
			isa = PBXGroup;
			children = (
				0040B86F1141488200A57967 /* SmoothnessEstim.c */,
				0040B7951141470400A57967 /* BAAnalyzerGLM.h */,
				0040B7961141470400A57967 /* BAAnalyzerGLM.m */,
				0040B7971141470400A57967 /* BlockIO.c */,
				0040B7981141470400A57967 /* BlockIO.h */,
				0040B7991141470400A57967 /* gauss.c */,
				0040B79A1141470400A57967 /* gsl_futils.c */,
				0040B79C1141470400A57967 /* gsl_utils.h */,
			);
			path = GLM;
			sourceTree = "<group>";
		};
		0040B79E1141470400A57967 /* BARTMainApp */ = {
			isa = PBXGroup;
			children = (
				0040B8631141483B00A57967 /* CIKernels */,
				0040B79F1141470400A57967 /* BAAnalyzerElement.h */,
				0040B7A01141470400A57967 /* BAAnalyzerElement.m */,
				0040B7A11141470400A57967 /* BAProcedureController.h */,
				0040B7A21141470400A57967 /* BAProcedureController.m */,
				0040B7A31141470400A57967 /* BADataElement.h */,
				0040B7A41141470400A57967 /* BADataElement.m */,
				0040B7A71141470400A57967 /* BADesignElement.h */,
				0040B7A81141470400A57967 /* BADesignElement.m */,
				0040B7AD1141470400A57967 /* BADocument.h */,
				0040B7AE1141470400A57967 /* BADocument.m */,
				0040B7AF1141470400A57967 /* BAElement.h */,
				0040B7B01141470400A57967 /* BAElement.m */,
				0040B7B11141470400A57967 /* BAGUIProtoCGLayer.h */,
				0040B7B21141470400A57967 /* BAGUIProtoCGLayer.m */,
				0040B7B31141470400A57967 /* BAGUIPrototyp.h */,
				0040B7B41141470400A57967 /* BAGUIPrototyp.m */,
				0040B7EF1141470400A57967 /* BARTApplicationAppDelegate.h */,
				0040B7F01141470400A57967 /* BARTApplicationAppDelegate.m */,
				0040B7F11141470400A57967 /* BASource.h */,
				0040B7F21141470400A57967 /* BASource.m */,
				0040B7F31141470400A57967 /* BASourceDatasetFile.h */,
				0040B7F41141470400A57967 /* BASourceDatasetFile.m */,
				0040B7F61141470400A57967 /* ColorMappingFilter.h */,
				0040B7F71141470400A57967 /* ColorMappingFilter.m */,
				0040B7F81141470400A57967 /* main.m */,
				0040B7FA1141470400A57967 /* NegativeKernel.h */,
			);
			path = BARTMainApp;
			sourceTree = "<group>";
		};
		0040B7FC1141470400A57967 /* CLETUS */ = {
			isa = PBXGroup;
			children = (
				00C39FEA1144FADC00725668 /* COSystemConfig.h */,
				00C39FEB1144FADC00725668 /* COSystemConfig.m */,
				00B1AC5711455E38008FC09D /* COXMLUtility.h */,
				00B1AC5811455E38008FC09D /* COXMLUtility.m */,
				00B1AC22114554DB008FC09D /* COEDLValidator.h */,
				00B1AC23114554DB008FC09D /* COEDLValidator.m */,
				00B1AD1311456C2E008FC09D /* COEDLValidatorRule.h */,
				00B1AD1411456C2E008FC09D /* COEDLValidatorRule.m */,
				00B1AD75114645A3008FC09D /* COEDLValidatorLiteral.h */,
				00B1AD76114645A3008FC09D /* COEDLValidatorLiteral.m */,
				00B1ADA611465349008FC09D /* COEDLValidatorToken.h */,
				00B1ADA711465349008FC09D /* COEDLValidatorToken.m */,
				007934EB1150FBF7007BEB66 /* COErrorCode.h */,
			);
			path = CLETUS;
			sourceTree = "<group>";
		};
		0040B8051141470400A57967 /* EDNA */ = {
			isa = PBXGroup;
			children = (
				00B772C311417C6300B2931A /* BADataElementVI.h */,
				00B772C411417C6300B2931A /* BADataElementVI.m */,
			);
			path = EDNA;
			sourceTree = "<group>";
		};
		0040B8061141470400A57967 /* NED */ = {
			isa = PBXGroup;
			children = (
				0083769F116BB12D00369B20 /* NEDesignElementDyn.h */,
				008376A0116BB12D00369B20 /* NEDesignElementDyn.m */,
				008376A1116BB12D00369B20 /* NEDesignElementVI.h */,
				008376A2116BB12D00369B20 /* NEDesignElementVI.m */,
				0085EB2211511B2C004795FD /* NEDesignGloverKernel.h */,
				0085EB2311511B2C004795FD /* NEDesignGloverKernel.m */,
				003091FE11527BF800E258D9 /* NEDesignKernel.h */,
				003091FF11527BF800E258D9 /* NEDesignKernel.m */,
			);
			path = NED;
			sourceTree = "<group>";
		};
		0040B8521141472200A57967 /* tests */ = {
			isa = PBXGroup;
			children = (
				0040B8531141472200A57967 /* BARTMainAppTests */,
				0040B85C1141472200A57967 /* CLETUSTests */,
			);
			name = tests;
			path = ../tests;
			sourceTree = SOURCE_ROOT;
		};
		0040B8531141472200A57967 /* BARTMainAppTests */ = {
			isa = PBXGroup;
			children = (
				00841BF711464321004341CC /* testfiles */,
				0040B8541141472200A57967 /* BADataElementVITest.h */,
				0040B8551141472200A57967 /* BADataElementVITest.m */,
				0040B8561141472200A57967 /* BADesignElementDynTest.h */,
				0040B8571141472200A57967 /* BADesignElementDynTest.m */,
				0040B8581141472200A57967 /* BADesignElementVITest.h */,
				0040B8591141472200A57967 /* BADesignElementVITest.m */,
			);
			path = BARTMainAppTests;
			sourceTree = "<group>";
		};
		0040B85C1141472200A57967 /* CLETUSTests */ = {
			isa = PBXGroup;
			children = (
				003094271153EFF900E258D9 /* timeBasedRegressorLydi.edl */,
				0088781F1147B445009C7707 /* edlValidation_rules.xml */,
				008878201147B445009C7707 /* edlValidation_rules.xsd */,
				008878211147B445009C7707 /* rtExperiment_v14_w_timebased.xsd */,
				008878221147B445009C7707 /* timeBasedRegressor.edl */,
				00C3A07F114510CE00725668 /* Init_Links_1.edl */,
				00AB18EA115246ED003BC915 /* main_SW_BoldModule_2ContinousTargetROIs.edl */,
				00C3A080114510CE00725668 /* rtExperiment_v14.xsd */,
				00C39FFB1144FBD600725668 /* CLETUSUnitTestSuite-Info.plist */,
				00C3A0011144FBEF00725668 /* COSystemConfigTest.h */,
				00C3A0021144FBEF00725668 /* COSystemConfigTest.m */,
				00B1AC32114556C3008FC09D /* COEDLValidatorTest.h */,
				00B1AC33114556C3008FC09D /* COEDLValidatorTest.m */,
				008877CA1147A5ED009C7707 /* COEDLValidatorLiteralTest.h */,
				008877CB1147A5ED009C7707 /* COEDLValidatorLiteralTest.m */,
			);
			path = CLETUSTests;
			sourceTree = "<group>";
		};
		0040B8631141483B00A57967 /* CIKernels */ = {
			isa = PBXGroup;
			children = (
				0040B7F51141470400A57967 /* ColorMappingFilter.cikernel */,
				0040B7F91141470400A57967 /* Negative.cikernel */,
			);
			name = CIKernels;
			sourceTree = "<group>";
		};
		00841BF711464321004341CC /* testfiles */ = {
			isa = PBXGroup;
			children = (
				00841C0C1146451F004341CC /* TestDataset01_Orig.v */,
				00841C0D1146451F004341CC /* TestDataset01-design.v */,
				00841C0E1146451F004341CC /* TestDataset01-functional.v */,
				00841BF811464321004341CC /* blockDesignTest01.des */,
				00841BF911464321004341CC /* blockDesignTest01.des.v */,
				00841BFA11464321004341CC /* blockDesignTest01_deriv0.des.v */,
				00841BFB11464321004341CC /* blockDesignTest01_deriv1.des.v */,
				00841BFC11464321004341CC /* blockDesignTest01_deriv2.des.v */,
				00841C0011464321004341CC /* erDesignTest01.des */,
				00841C0111464321004341CC /* erDesignTest01.des.v */,
				00841C0211464321004341CC /* erDesignTest01_deriv0.des.v */,
				00841C0311464321004341CC /* erDesignTest01_deriv1.des.v */,
				00841C0411464321004341CC /* erDesignTest01_deriv2.des.v */,
			);
			path = testfiles;
			sourceTree = "<group>";
		};
		1058C7A0FEA54F0111CA2CBB /* Linked Frameworks */ = {
			isa = PBXGroup;
			children = (
				1058C7A1FEA54F0111CA2CBB /* Cocoa.framework */,
				CE8A2A3910F61713002422B5 /* Quartz.framework */,
			);
			name = "Linked Frameworks";
			sourceTree = "<group>";
		};
		1058C7A2FEA54F0111CA2CBB /* Other Frameworks */ = {
			isa = PBXGroup;
			children = (
				29B97324FDCFA39411CA2CEA /* AppKit.framework */,
				13E42FB307B3F0F600E4EEF1 /* CoreData.framework */,
				29B97325FDCFA39411CA2CEA /* Foundation.framework */,
				CED191F110AC8A5300FAFA4F /* ApplicationServices.framework */,
				CED191F510AC8A7B00FAFA4F /* OpenGL.framework */,
				CED1922910AC8AD600FAFA4F /* QuartzCore.framework */,
			);
			name = "Other Frameworks";
			sourceTree = "<group>";
		};
		19C28FACFE9D520D11CA2CBB /* Products */ = {
			isa = PBXGroup;
			children = (
				8D1107320486CEB800E47090 /* BARTApplication.app */,
				CE8B709110DA988F007AEB2B /* BARTApplication.octest */,
				00C39FF11144FB2100725668 /* CLETUS.dylib */,
				00C39FFA1144FBD600725668 /* CLETUSUnitTestSuite.octest */,
			);
			name = Products;
			sourceTree = "<group>";
		};
		29B97314FDCFA39411CA2CEA /* BARTApplication */ = {
			isa = PBXGroup;
			children = (
				0040B78F1141470400A57967 /* docs */,
				0040B7921141470400A57967 /* src */,
				0040B8521141472200A57967 /* tests */,
				29B97315FDCFA39411CA2CEA /* Other Sources */,
				29B97317FDCFA39411CA2CEA /* Resources */,
				29B97323FDCFA39411CA2CEA /* Frameworks */,
				19C28FACFE9D520D11CA2CBB /* Products */,
			);
			name = BARTApplication;
			sourceTree = "<group>";
		};
		29B97315FDCFA39411CA2CEA /* Other Sources */ = {
			isa = PBXGroup;
			children = (
				256AC3F00F4B6AF500CF3369 /* BARTApplication_Prefix.pch */,
			);
			name = "Other Sources";
			sourceTree = "<group>";
		};
		29B97317FDCFA39411CA2CEA /* Resources */ = {
			isa = PBXGroup;
			children = (
				0040B9B1114173BD00A57967 /* BARTUnitTestSuite-Info.plist */,
				8D1107310486CEB800E47090 /* BARTApplication-Info.plist */,
				089C165CFE840E0CC02AAC07 /* InfoPlist.strings */,
				1DDD58140DA1D0A300B32029 /* MainMenu.xib */,
			);
			name = Resources;
			sourceTree = "<group>";
		};
		29B97323FDCFA39411CA2CEA /* Frameworks */ = {
			isa = PBXGroup;
			children = (
				1058C7A0FEA54F0111CA2CBB /* Linked Frameworks */,
				1058C7A2FEA54F0111CA2CBB /* Other Frameworks */,
				CED191E210AC888700FAFA4F /* libvia.dylib */,
				CED191E410AC888700FAFA4F /* libviaio.dylib */,
				CE7D689A1113447C005A9D15 /* libfftw3.a */,
				00B1573111459587007C02CB /* libgslcblas.dylib */,
				00B1573B11459605007C02CB /* libgsl.0.dylib */,
			);
			name = Frameworks;
			sourceTree = "<group>";
		};
/* End PBXGroup section */

/* Begin PBXHeadersBuildPhase section */
		00C39FED1144FB2100725668 /* Headers */ = {
			isa = PBXHeadersBuildPhase;
			buildActionMask = 2147483647;
			files = (
				00C3A02B1144FF9700725668 /* COSystemConfig.h in Headers */,
				00B1AC24114554DB008FC09D /* COEDLValidator.h in Headers */,
				00B1AC5911455E38008FC09D /* COXMLUtility.h in Headers */,
				00B1AD1511456C2E008FC09D /* COEDLValidatorRule.h in Headers */,
				00B1AD77114645A3008FC09D /* COEDLValidatorLiteral.h in Headers */,
				00B1ADA811465349008FC09D /* COEDLValidatorToken.h in Headers */,
				007934EC1150FBF7007BEB66 /* COErrorCode.h in Headers */,
			);
			runOnlyForDeploymentPostprocessing = 0;
		};
/* End PBXHeadersBuildPhase section */

/* Begin PBXNativeTarget section */
		00C39FF01144FB2100725668 /* CLETUS */ = {
			isa = PBXNativeTarget;
			buildConfigurationList = 00C39FF41144FB4000725668 /* Build configuration list for PBXNativeTarget "CLETUS" */;
			buildPhases = (
				00C39FED1144FB2100725668 /* Headers */,
				00C39FEE1144FB2100725668 /* Sources */,
				00C39FEF1144FB2100725668 /* Frameworks */,
			);
			buildRules = (
			);
			dependencies = (
			);
			name = CLETUS;
			productName = CLETUS;
			productReference = 00C39FF11144FB2100725668 /* CLETUS.dylib */;
			productType = "com.apple.product-type.library.dynamic";
		};
		00C39FF91144FBD600725668 /* CLETUSUnitTestSuite */ = {
			isa = PBXNativeTarget;
			buildConfigurationList = 00C39FFE1144FBD700725668 /* Build configuration list for PBXNativeTarget "CLETUSUnitTestSuite" */;
			buildPhases = (
				00C39FF51144FBD600725668 /* Resources */,
				00C39FF61144FBD600725668 /* Sources */,
				00C39FF71144FBD600725668 /* Frameworks */,
				00C39FF81144FBD600725668 /* ShellScript */,
			);
			buildRules = (
			);
			dependencies = (
			);
			name = CLETUSUnitTestSuite;
			productName = CLETUSUnitTestSuite;
			productReference = 00C39FFA1144FBD600725668 /* CLETUSUnitTestSuite.octest */;
			productType = "com.apple.product-type.bundle";
		};
		8D1107260486CEB800E47090 /* BARTApplication */ = {
			isa = PBXNativeTarget;
			buildConfigurationList = C01FCF4A08A954540054247B /* Build configuration list for PBXNativeTarget "BARTApplication" */;
			buildPhases = (
				8D1107290486CEB800E47090 /* Resources */,
				8D11072C0486CEB800E47090 /* Sources */,
				8D11072E0486CEB800E47090 /* Frameworks */,
				CE8A333210F77DE4002422B5 /* CopyFiles */,
				00EC5D7E1153CFAB006691F5 /* ShellScript */,
			);
			buildRules = (
				CE8A2B3610F6250A002422B5 /* PBXBuildRule */,
			);
			dependencies = (
				00C3A0231144FF0C00725668 /* PBXTargetDependency */,
			);
			name = BARTApplication;
			productInstallPath = "$(HOME)/Applications";
			productName = BARTApplication;
			productReference = 8D1107320486CEB800E47090 /* BARTApplication.app */;
			productType = "com.apple.product-type.application";
		};
		CE8B709010DA988F007AEB2B /* BARTUnitTestSuite */ = {
			isa = PBXNativeTarget;
			buildConfigurationList = CE8B709610DA9890007AEB2B /* Build configuration list for PBXNativeTarget "BARTUnitTestSuite" */;
			buildPhases = (
				CE8B708C10DA988F007AEB2B /* Resources */,
				CE8B708D10DA988F007AEB2B /* Sources */,
				CE8B708E10DA988F007AEB2B /* Frameworks */,
				CE8B708F10DA988F007AEB2B /* ShellScript */,
				0040B98411416F6800A57967 /* CopyFiles */,
			);
			buildRules = (
			);
			dependencies = (
				0040B9921141708D00A57967 /* PBXTargetDependency */,
			);
			name = BARTUnitTestSuite;
			productName = BARTUnitTestSuite;
			productReference = CE8B709110DA988F007AEB2B /* BARTApplication.octest */;
			productType = "com.apple.product-type.bundle";
		};
/* End PBXNativeTarget section */

/* Begin PBXProject section */
		29B97313FDCFA39411CA2CEA /* Project object */ = {
			isa = PBXProject;
			attributes = {
				BuildIndependentTargetsInParallel = YES;
				ORGANIZATIONNAME = "MPI Cognitive and Human Brain Sciences Leipzig";
			};
			buildConfigurationList = C01FCF4E08A954540054247B /* Build configuration list for PBXProject "BARTApplication" */;
			compatibilityVersion = "Xcode 3.2";
			hasScannedForEncodings = 1;
			mainGroup = 29B97314FDCFA39411CA2CEA /* BARTApplication */;
			projectDirPath = "";
			projectRoots = (
				.,
				..,
			);
			targets = (
				8D1107260486CEB800E47090 /* BARTApplication */,
				CE8B709010DA988F007AEB2B /* BARTUnitTestSuite */,
				00C39FF01144FB2100725668 /* CLETUS */,
				00C39FF91144FBD600725668 /* CLETUSUnitTestSuite */,
			);
		};
/* End PBXProject section */

/* Begin PBXResourcesBuildPhase section */
		00C39FF51144FBD600725668 /* Resources */ = {
			isa = PBXResourcesBuildPhase;
			buildActionMask = 2147483647;
			files = (
				00C3A081114510CE00725668 /* Init_Links_1.edl in Resources */,
				00C3A082114510CE00725668 /* rtExperiment_v14.xsd in Resources */,
				008878241147B445009C7707 /* edlValidation_rules.xsd in Resources */,
				008878251147B445009C7707 /* rtExperiment_v14_w_timebased.xsd in Resources */,
				008878261147B445009C7707 /* timeBasedRegressor.edl in Resources */,
				0023A75811510D4C009182F8 /* edlValidation_rules.xml in Resources */,
			);
			runOnlyForDeploymentPostprocessing = 0;
		};
		8D1107290486CEB800E47090 /* Resources */ = {
			isa = PBXResourcesBuildPhase;
			buildActionMask = 2147483647;
			files = (
				8D11072B0486CEB800E47090 /* InfoPlist.strings in Resources */,
				007E4FB9116249D700C9D686 /* MainMenu.xib in Resources */,
			);
			runOnlyForDeploymentPostprocessing = 0;
		};
		CE8B708C10DA988F007AEB2B /* Resources */ = {
			isa = PBXResourcesBuildPhase;
			buildActionMask = 2147483647;
			files = (
				00841C0F1146451F004341CC /* TestDataset01_Orig.v in Resources */,
				00841C101146451F004341CC /* TestDataset01-design.v in Resources */,
				00841C111146451F004341CC /* TestDataset01-functional.v in Resources */,
			);
			runOnlyForDeploymentPostprocessing = 0;
		};
/* End PBXResourcesBuildPhase section */

/* Begin PBXShellScriptBuildPhase section */
		00C39FF81144FBD600725668 /* ShellScript */ = {
			isa = PBXShellScriptBuildPhase;
			buildActionMask = 2147483647;
			files = (
			);
			inputPaths = (
			);
			outputPaths = (
			);
			runOnlyForDeploymentPostprocessing = 0;
			shellPath = /bin/sh;
			shellScript = "# Run the unit tests in this test bundle.\n\"${SYSTEM_DEVELOPER_DIR}/Tools/RunUnitTests\"\n";
		};
		00EC5D7E1153CFAB006691F5 /* ShellScript */ = {
			isa = PBXShellScriptBuildPhase;
			buildActionMask = 2147483647;
			files = (
			);
			inputPaths = (
			);
			outputPaths = (
			);
			runOnlyForDeploymentPostprocessing = 0;
			shellPath = /bin/sh;
			shellScript = "if ! [ -f $DOXYGEN_CONFIG ] \nthen \n echo doxygen config file does not exist\n exit 0\nfi\n\ncp $DOXYGEN_CONFIG $TEMP_DIR/doxygen.config\n\necho \"INPUT = $SOURCE_ROOT\" >> $TEMP_DIR/doxygen.config\necho \"OUTPUT_DIRECTORY = $DOXYGEN_OUTPUT\" >> $TEMP_DIR/doxygen.config\necho \"HTML_STYLESHEET = $DOXYGEN_OUTPUT/doxygenstyle.css\" >> $TEMP_DIR/doxygen.config\n\n# run\n$DOXYGEN_PATH $TEMP_DIR/doxygen.config\n\nrm -f $TEMP_DIR/doxygen.config\nrm -f $DOXYGEN_OUTPUT/html/tab_b.gif $DOXYGEN_OUTPUT/html/tab_l.gif $DOXYGEN_OUTPUT/html/tab_r.gif\n\nexit 0\n";
		};
		CE8B708F10DA988F007AEB2B /* ShellScript */ = {
			isa = PBXShellScriptBuildPhase;
			buildActionMask = 2147483647;
			files = (
			);
			inputPaths = (
			);
			outputPaths = (
			);
			runOnlyForDeploymentPostprocessing = 0;
			shellPath = /bin/sh;
			shellScript = "# Run the unit tests in this test bundle.\n\"${SYSTEM_DEVELOPER_DIR}/Tools/RunUnitTests\"\n";
		};
/* End PBXShellScriptBuildPhase section */

/* Begin PBXSourcesBuildPhase section */
		00C39FEE1144FB2100725668 /* Sources */ = {
			isa = PBXSourcesBuildPhase;
			buildActionMask = 2147483647;
			files = (
				00C3A02A1144FF9600725668 /* COSystemConfig.m in Sources */,
				00B1AC25114554DB008FC09D /* COEDLValidator.m in Sources */,
				00B1AC5A11455E38008FC09D /* COXMLUtility.m in Sources */,
				00B1AD1611456C2E008FC09D /* COEDLValidatorRule.m in Sources */,
				00B1AD78114645A3008FC09D /* COEDLValidatorLiteral.m in Sources */,
				00B1ADA911465349008FC09D /* COEDLValidatorToken.m in Sources */,
			);
			runOnlyForDeploymentPostprocessing = 0;
		};
		00C39FF61144FBD600725668 /* Sources */ = {
			isa = PBXSourcesBuildPhase;
			buildActionMask = 2147483647;
			files = (
				00C3A0041144FBEF00725668 /* COSystemConfigTest.m in Sources */,
				00C3A0271144FF5600725668 /* COSystemConfig.m in Sources */,
				00B1AC34114556C3008FC09D /* COEDLValidatorTest.m in Sources */,
				00B1AC81114562A8008FC09D /* COXMLUtility.m in Sources */,
				00B1ACDC114565CE008FC09D /* COEDLValidator.m in Sources */,
				00B1AD1B11456C47008FC09D /* COEDLValidatorRule.m in Sources */,
				00B1ADF0114670BE008FC09D /* COEDLValidatorToken.m in Sources */,
				008877CC1147A5ED009C7707 /* COEDLValidatorLiteralTest.m in Sources */,
				0079349E114FF120007BEB66 /* COEDLValidatorLiteral.m in Sources */,
			);
			runOnlyForDeploymentPostprocessing = 0;
		};
		8D11072C0486CEB800E47090 /* Sources */ = {
			isa = PBXSourcesBuildPhase;
			buildActionMask = 2147483647;
			files = (
				0040B8071141470400A57967 /* BAAnalyzerGLM.m in Sources */,
				0040B8081141470400A57967 /* BlockIO.c in Sources */,
				0040B8091141470400A57967 /* gauss.c in Sources */,
				0040B80A1141470400A57967 /* gsl_futils.c in Sources */,
				0040B8441141470400A57967 /* BARTApplicationAppDelegate.m in Sources */,
				0040B8471141470400A57967 /* ColorMappingFilter.cikernel in Sources */,
				0040B84A1141470400A57967 /* Negative.cikernel in Sources */,
				0040B8701141488200A57967 /* SmoothnessEstim.c in Sources */,
				00B772C511417C6300B2931A /* BADataElementVI.m in Sources */,
				007932B3114FB79E007BEB66 /* main.m in Sources */,
				007932B4114FB79E007BEB66 /* ColorMappingFilter.m in Sources */,
				007932B5114FB7A1007BEB66 /* BASourceDatasetFile.m in Sources */,
				007932B6114FB7A2007BEB66 /* BASource.m in Sources */,
				007932B7114FB7A3007BEB66 /* BAGUIPrototyp.m in Sources */,
				007932B8114FB7A4007BEB66 /* BAGUIProtoCGLayer.m in Sources */,
				007932B9114FB7A5007BEB66 /* BAElement.m in Sources */,
				007932BA114FB7A6007BEB66 /* BADocument.m in Sources */,
				007932BB114FB7A7007BEB66 /* BADesignElement.m in Sources */,
				007932BC114FB7A8007BEB66 /* BADataElement.m in Sources */,
				007932BD114FB7A8007BEB66 /* BAProcedureController.m in Sources */,
				007932BE114FB7A9007BEB66 /* BAAnalyzerElement.m in Sources */,
				0085EB2411511B2C004795FD /* NEDesignGloverKernel.m in Sources */,
				0030920011527BF800E258D9 /* NEDesignKernel.m in Sources */,
				008376A3116BB12D00369B20 /* NEDesignElementDyn.m in Sources */,
				008376A4116BB12D00369B20 /* NEDesignElementVI.m in Sources */,
			);
			runOnlyForDeploymentPostprocessing = 0;
		};
		CE8B708D10DA988F007AEB2B /* Sources */ = {
			isa = PBXSourcesBuildPhase;
			buildActionMask = 2147483647;
			files = (
				0040B85D1141472200A57967 /* BADataElementVITest.m in Sources */,
				0040B85E1141472200A57967 /* BADesignElementDynTest.m in Sources */,
				0040B85F1141472200A57967 /* BADesignElementVITest.m in Sources */,
			);
			runOnlyForDeploymentPostprocessing = 0;
		};
/* End PBXSourcesBuildPhase section */

/* Begin PBXTargetDependency section */
		0040B9921141708D00A57967 /* PBXTargetDependency */ = {
			isa = PBXTargetDependency;
			target = 8D1107260486CEB800E47090 /* BARTApplication */;
			targetProxy = 0040B9911141708D00A57967 /* PBXContainerItemProxy */;
		};
		00C3A0231144FF0C00725668 /* PBXTargetDependency */ = {
			isa = PBXTargetDependency;
			target = 00C39FF01144FB2100725668 /* CLETUS */;
			targetProxy = 00C3A0221144FF0C00725668 /* PBXContainerItemProxy */;
		};
/* End PBXTargetDependency section */

/* Begin PBXVariantGroup section */
		089C165CFE840E0CC02AAC07 /* InfoPlist.strings */ = {
			isa = PBXVariantGroup;
			children = (
				089C165DFE840E0CC02AAC07 /* English */,
			);
			name = InfoPlist.strings;
			sourceTree = "<group>";
		};
		1DDD58140DA1D0A300B32029 /* MainMenu.xib */ = {
			isa = PBXVariantGroup;
			children = (
				1DDD58150DA1D0A300B32029 /* English */,
			);
			name = MainMenu.xib;
			sourceTree = "<group>";
		};
/* End PBXVariantGroup section */

/* Begin XCBuildConfiguration section */
		00C39FF21144FB2200725668 /* Debug */ = {
			isa = XCBuildConfiguration;
			buildSettings = {
				ALWAYS_SEARCH_USER_PATHS = NO;
				COPY_PHASE_STRIP = NO;
				DYLIB_COMPATIBILITY_VERSION = 1;
				DYLIB_CURRENT_VERSION = 1;
				GCC_DYNAMIC_NO_PIC = NO;
				GCC_ENABLE_FIX_AND_CONTINUE = YES;
				GCC_MODEL_TUNING = G5;
				GCC_OPTIMIZATION_LEVEL = 0;
				GCC_PRECOMPILE_PREFIX_HEADER = YES;
				GCC_PREFIX_HEADER = "$(SYSTEM_LIBRARY_DIR)/Frameworks/AppKit.framework/Headers/AppKit.h";
				INSTALL_PATH = /usr/local/lib;
				OTHER_LDFLAGS = (
					"-framework",
					Foundation,
					"-framework",
					AppKit,
				);
				PREBINDING = NO;
				PRODUCT_NAME = CLETUS;
			};
			name = Debug;
		};
		00C39FF31144FB2200725668 /* Release */ = {
			isa = XCBuildConfiguration;
			buildSettings = {
				ALWAYS_SEARCH_USER_PATHS = NO;
				COPY_PHASE_STRIP = YES;
				DEBUG_INFORMATION_FORMAT = "dwarf-with-dsym";
				DYLIB_COMPATIBILITY_VERSION = 1;
				DYLIB_CURRENT_VERSION = 1;
				GCC_ENABLE_FIX_AND_CONTINUE = NO;
				GCC_MODEL_TUNING = G5;
				GCC_PRECOMPILE_PREFIX_HEADER = YES;
				GCC_PREFIX_HEADER = "$(SYSTEM_LIBRARY_DIR)/Frameworks/AppKit.framework/Headers/AppKit.h";
				INSTALL_PATH = /usr/local/lib;
				OTHER_LDFLAGS = (
					"-framework",
					Foundation,
					"-framework",
					AppKit,
				);
				PREBINDING = NO;
				PRODUCT_NAME = CLETUS;
				ZERO_LINK = NO;
			};
			name = Release;
		};
		00C39FFC1144FBD700725668 /* Debug */ = {
			isa = XCBuildConfiguration;
			buildSettings = {
				ALWAYS_SEARCH_USER_PATHS = NO;
				COPY_PHASE_STRIP = NO;
				FRAMEWORK_SEARCH_PATHS = "$(DEVELOPER_LIBRARY_DIR)/Frameworks";
				GCC_DYNAMIC_NO_PIC = NO;
				GCC_ENABLE_FIX_AND_CONTINUE = NO;
				GCC_ENABLE_OBJC_EXCEPTIONS = YES;
				GCC_MODEL_TUNING = G5;
				GCC_OPTIMIZATION_LEVEL = 0;
				GCC_PRECOMPILE_PREFIX_HEADER = YES;
				GCC_PREFIX_HEADER = "$(SYSTEM_LIBRARY_DIR)/Frameworks/Cocoa.framework/Headers/Cocoa.h";
				INFOPLIST_FILE = "CLETUSUnitTestSuite-Info.plist";
				INSTALL_PATH = "$(USER_LIBRARY_DIR)/Bundles";
				OTHER_LDFLAGS = (
					"-framework",
					Cocoa,
					"-framework",
					SenTestingKit,
				);
				PREBINDING = NO;
				PRODUCT_NAME = CLETUSUnitTestSuite;
				WRAPPER_EXTENSION = octest;
			};
			name = Debug;
		};
		00C39FFD1144FBD700725668 /* Release */ = {
			isa = XCBuildConfiguration;
			buildSettings = {
				ALWAYS_SEARCH_USER_PATHS = NO;
				COPY_PHASE_STRIP = YES;
				DEBUG_INFORMATION_FORMAT = "dwarf-with-dsym";
				FRAMEWORK_SEARCH_PATHS = "$(DEVELOPER_LIBRARY_DIR)/Frameworks";
				GCC_ENABLE_FIX_AND_CONTINUE = NO;
				GCC_ENABLE_OBJC_EXCEPTIONS = YES;
				GCC_MODEL_TUNING = G5;
				GCC_PRECOMPILE_PREFIX_HEADER = YES;
				GCC_PREFIX_HEADER = "$(SYSTEM_LIBRARY_DIR)/Frameworks/Cocoa.framework/Headers/Cocoa.h";
				INFOPLIST_FILE = "CLETUSUnitTestSuite-Info.plist";
				INSTALL_PATH = "$(USER_LIBRARY_DIR)/Bundles";
				OTHER_LDFLAGS = (
					"-framework",
					Cocoa,
					"-framework",
					SenTestingKit,
				);
				PREBINDING = NO;
				PRODUCT_NAME = CLETUSUnitTestSuite;
				WRAPPER_EXTENSION = octest;
				ZERO_LINK = NO;
			};
			name = Release;
		};
		C01FCF4B08A954540054247B /* Debug */ = {
			isa = XCBuildConfiguration;
			buildSettings = {
				ALWAYS_SEARCH_USER_PATHS = NO;
				COPY_PHASE_STRIP = NO;
				DOXYGEN_CONFIG = ../docs/BARTApplicationDoxyfile;
				DOXYGEN_OUTPUT = ../docs;
				DOXYGEN_PATH = /opt/local/bin/doxygen;
				GCC_DYNAMIC_NO_PIC = NO;
				GCC_ENABLE_FIX_AND_CONTINUE = YES;
				GCC_MODEL_TUNING = G5;
				GCC_OPTIMIZATION_LEVEL = 0;
				GCC_PRECOMPILE_PREFIX_HEADER = YES;
				GCC_PREFIX_HEADER = BARTApplication_Prefix.pch;
				GCC_PREPROCESSOR_DEFINITIONS_QUOTED_FOR_PROJECT_1 = "";
				INFOPLIST_FILE = "BARTApplication-Info.plist";
				INSTALL_PATH = "$(HOME)/Applications";
				LIBRARY_SEARCH_PATHS = (
					opt/local/lib,
					/usr/lib,
					/opt/local/lib,
				);
				PRODUCT_NAME = BARTApplication;
				SOURCE_ROOT = ../src;
				TEMP_DIR = /tmp;
			};
			name = Debug;
		};
		C01FCF4C08A954540054247B /* Release */ = {
			isa = XCBuildConfiguration;
			buildSettings = {
				ALWAYS_SEARCH_USER_PATHS = NO;
				DEBUG_INFORMATION_FORMAT = "dwarf-with-dsym";
				GCC_MODEL_TUNING = G5;
				GCC_PRECOMPILE_PREFIX_HEADER = YES;
				GCC_PREFIX_HEADER = BARTApplication_Prefix.pch;
				INFOPLIST_FILE = "BARTApplication-Info.plist";
				INSTALL_PATH = "$(HOME)/Applications";
				LIBRARY_SEARCH_PATHS = (
					"$(inherited)",
					/opt/local/lib,
				);
				PRODUCT_NAME = BARTApplication;
			};
			name = Release;
		};
		C01FCF4F08A954540054247B /* Debug */ = {
			isa = XCBuildConfiguration;
			buildSettings = {
				ARCHS = "$(ARCHS_STANDARD_32_64_BIT)";
				BUNDLE_LOADER = "";
				COPY_PHASE_STRIP = NO;
				FRAMEWORK_SEARCH_PATHS = "\"$(SYSTEM_LIBRARY_DIR)/Frameworks/ApplicationServices.framework/Frameworks\"";
				GCC_C_LANGUAGE_STANDARD = gnu99;
				GCC_OPTIMIZATION_LEVEL = 0;
				GCC_PREPROCESSOR_DEFINITIONS = "$(GCC_PREPROCESSOR_DEFINITIONS_QUOTED_FOR_PROJECT_1)";
				GCC_PREPROCESSOR_DEFINITIONS_QUOTED_FOR_PROJECT_1 = "BUILD_PATH=\\\"/tmp\\\"";
				GCC_WARN_ABOUT_RETURN_TYPE = YES;
				GCC_WARN_HIDDEN_VIRTUAL_FUNCTIONS = YES;
				GCC_WARN_NON_VIRTUAL_DESTRUCTOR = YES;
				GCC_WARN_PROTOTYPE_CONVERSION = NO;
				GCC_WARN_SHADOW = YES;
				GCC_WARN_SIGN_COMPARE = YES;
				GCC_WARN_UNDECLARED_SELECTOR = YES;
				GCC_WARN_UNUSED_FUNCTION = YES;
				GCC_WARN_UNUSED_PARAMETER = YES;
				GCC_WARN_UNUSED_VALUE = YES;
				GCC_WARN_UNUSED_VARIABLE = YES;
				HEADER_SEARCH_PATHS = (
					/opt/local/include,
					/usr/include,
				);
				LIBRARY_SEARCH_PATHS = (
					/opt/local/lib,
					/usr/lib,
				);
				ONLY_ACTIVE_ARCH = YES;
				PREBINDING = NO;
				TEST_HOST = "";
			};
			name = Debug;
		};
		C01FCF5008A954540054247B /* Release */ = {
			isa = XCBuildConfiguration;
			buildSettings = {
				ARCHS = "$(ARCHS_STANDARD_32_64_BIT)";
				GCC_C_LANGUAGE_STANDARD = gnu99;
				GCC_WARN_ABOUT_RETURN_TYPE = YES;
				GCC_WARN_UNUSED_VARIABLE = YES;
				PREBINDING = NO;
			};
			name = Release;
		};
		CE8B709410DA9890007AEB2B /* Debug */ = {
			isa = XCBuildConfiguration;
			buildSettings = {
				ALWAYS_SEARCH_USER_PATHS = NO;
				ARCHS = "$(ARCHS_STANDARD_32_64_BIT)";
				BUNDLE_LOADER = "$(BUILT_PRODUCTS_DIR)/BARTApplication.app/Contents/MacOS/BARTApplication";
				COPY_PHASE_STRIP = NO;
				FRAMEWORK_SEARCH_PATHS = "$(DEVELOPER_LIBRARY_DIR)/Frameworks";
				GCC_DYNAMIC_NO_PIC = NO;
				GCC_ENABLE_FIX_AND_CONTINUE = NO;
				GCC_ENABLE_OBJC_EXCEPTIONS = YES;
				GCC_MODEL_TUNING = G5;
				GCC_OPTIMIZATION_LEVEL = 0;
				GCC_PRECOMPILE_PREFIX_HEADER = YES;
				GCC_PREFIX_HEADER = "$(SYSTEM_LIBRARY_DIR)/Frameworks/Cocoa.framework/Headers/Cocoa.h";
				INFOPLIST_FILE = "BARTUnitTestSuite-Info.plist";
				INSTALL_PATH = "$(USER_LIBRARY_DIR)/Bundles";
				OTHER_LDFLAGS = (
					"-framework",
					Cocoa,
					"-framework",
					SenTestingKit,
				);
				PREBINDING = NO;
				PRODUCT_NAME = BARTApplication;
				TEST_HOST = "$(BUNDLE_LOADER)";
				WRAPPER_EXTENSION = octest;
			};
			name = Debug;
		};
		CE8B709510DA9890007AEB2B /* Release */ = {
			isa = XCBuildConfiguration;
			buildSettings = {
				ALWAYS_SEARCH_USER_PATHS = NO;
				COPY_PHASE_STRIP = YES;
				DEBUG_INFORMATION_FORMAT = "dwarf-with-dsym";
				FRAMEWORK_SEARCH_PATHS = "$(DEVELOPER_LIBRARY_DIR)/Frameworks";
				GCC_ENABLE_FIX_AND_CONTINUE = NO;
				GCC_ENABLE_OBJC_EXCEPTIONS = YES;
				GCC_MODEL_TUNING = G5;
				GCC_PRECOMPILE_PREFIX_HEADER = YES;
				GCC_PREFIX_HEADER = "$(SYSTEM_LIBRARY_DIR)/Frameworks/Cocoa.framework/Headers/Cocoa.h";
				INFOPLIST_FILE = "BARTUnitTestSuite-Info.plist";
				INSTALL_PATH = "$(USER_LIBRARY_DIR)/Bundles";
				OTHER_LDFLAGS = (
					"-framework",
					Cocoa,
					"-framework",
					SenTestingKit,
				);
				PREBINDING = NO;
				PRODUCT_NAME = BARTUnitTestSuite;
				WRAPPER_EXTENSION = octest;
				ZERO_LINK = NO;
			};
			name = Release;
		};
/* End XCBuildConfiguration section */

/* Begin XCConfigurationList section */
		00C39FF41144FB4000725668 /* Build configuration list for PBXNativeTarget "CLETUS" */ = {
			isa = XCConfigurationList;
			buildConfigurations = (
				00C39FF21144FB2200725668 /* Debug */,
				00C39FF31144FB2200725668 /* Release */,
			);
			defaultConfigurationIsVisible = 0;
			defaultConfigurationName = Release;
		};
		00C39FFE1144FBD700725668 /* Build configuration list for PBXNativeTarget "CLETUSUnitTestSuite" */ = {
			isa = XCConfigurationList;
			buildConfigurations = (
				00C39FFC1144FBD700725668 /* Debug */,
				00C39FFD1144FBD700725668 /* Release */,
			);
			defaultConfigurationIsVisible = 0;
			defaultConfigurationName = Release;
		};
		C01FCF4A08A954540054247B /* Build configuration list for PBXNativeTarget "BARTApplication" */ = {
			isa = XCConfigurationList;
			buildConfigurations = (
				C01FCF4B08A954540054247B /* Debug */,
				C01FCF4C08A954540054247B /* Release */,
			);
			defaultConfigurationIsVisible = 0;
			defaultConfigurationName = Release;
		};
		C01FCF4E08A954540054247B /* Build configuration list for PBXProject "BARTApplication" */ = {
			isa = XCConfigurationList;
			buildConfigurations = (
				C01FCF4F08A954540054247B /* Debug */,
				C01FCF5008A954540054247B /* Release */,
			);
			defaultConfigurationIsVisible = 0;
			defaultConfigurationName = Release;
		};
		CE8B709610DA9890007AEB2B /* Build configuration list for PBXNativeTarget "BARTUnitTestSuite" */ = {
			isa = XCConfigurationList;
			buildConfigurations = (
				CE8B709410DA9890007AEB2B /* Debug */,
				CE8B709510DA9890007AEB2B /* Release */,
			);
			defaultConfigurationIsVisible = 0;
			defaultConfigurationName = Release;
		};
/* End XCConfigurationList section */
	};
	rootObject = 29B97313FDCFA39411CA2CEA /* Project object */;
}
